
Microsoft Visual Studio Solution File, Format Version 12.00
# Visual Studio Version 16
VisualStudioVersion = 16.0.30413.136
MinimumVisualStudioVersion = 10.0.40219.1
Project("{FAE04EC0-301F-11D3-BF4B-00C04F79EFBC}") = "messageqServer", "messageqServer\messageqServer.csproj", "{ABF696FE-E5B7-4388-85AF-A4F1CDB975A6}"
EndProject
Global
	GlobalSection(SolutionConfigurationPlatforms) = preSolution
		Debug|Any CPU = Debug|Any CPU
		Release|Any CPU = Release|Any CPU
	EndGlobalSection
	GlobalSection(ProjectConfigurationPlatforms) = postSolution
		{ABF696FE-E5B7-4388-85AF-A4F1CDB975A6}.Debug|Any CPU.ActiveCfg = Debug|Any CPU
		{ABF696FE-E5B7-4388-85AF-A4F1CDB975A6}.Debug|Any CPU.Build.0 = Debug|Any CPU
		{ABF696FE-E5B7-4388-85AF-A4F1CDB975A6}.Release|Any CPU.ActiveCfg = Release|Any CPU
		{ABF696FE-E5B7-4388-85AF-A4F1CDB975A6}.Release|Any CPU.Build.0 = Release|Any CPU
	EndGlobalSection
	GlobalSection(SolutionProperties) = preSolution
		HideSolutionNode = FALSE
	EndGlobalSection
	GlobalSection(ExtensibilityGlobals) = postSolution
		SolutionGuid = {3A182664-F84F-485A-9CEC-F7E9E06EAC3B}
	EndGlobalSection
EndGlobal
